
Microsoft Visual Studio Solution File, Format Version 12.00
# Visual Studio Version 17
VisualStudioVersion = 17.5.33627.172
MinimumVisualStudioVersion = 10.0.40219.1
Project("{FAE04EC0-301F-11D3-BF4B-00C04F79EFBC}") = "ApiFirebase", "ApiFirebase\ApiFirebase.csproj", "{ACBCC8A2-0CCB-4ED4-9970-9AE13E0D09FA}"
EndProject
Global
	GlobalSection(SolutionConfigurationPlatforms) = preSolution
		Debug|Any CPU = Debug|Any CPU
		Release|Any CPU = Release|Any CPU
	EndGlobalSection
	GlobalSection(ProjectConfigurationPlatforms) = postSolution
		{ACBCC8A2-0CCB-4ED4-9970-9AE13E0D09FA}.Debug|Any CPU.ActiveCfg = Debug|Any CPU
		{ACBCC8A2-0CCB-4ED4-9970-9AE13E0D09FA}.Debug|Any CPU.Build.0 = Debug|Any CPU
		{ACBCC8A2-0CCB-4ED4-9970-9AE13E0D09FA}.Release|Any CPU.ActiveCfg = Release|Any CPU
		{ACBCC8A2-0CCB-4ED4-9970-9AE13E0D09FA}.Release|Any CPU.Build.0 = Release|Any CPU
	EndGlobalSection
	GlobalSection(SolutionProperties) = preSolution
		HideSolutionNode = FALSE
	EndGlobalSection
	GlobalSection(ExtensibilityGlobals) = postSolution
		SolutionGuid = {2786547F-9AD0-4FED-AF15-EC1F4D1778DE}
	EndGlobalSection
EndGlobal
